
Microsoft Visual Studio Solution File, Format Version 12.00
# Visual Studio Version 16
VisualStudioVersion = 16.0.30406.217
MinimumVisualStudioVersion = 10.0.40219.1
Project("{9A19103F-16F7-4668-BE54-9A1E7A4F7556}") = "TodoApi", "TodoApi\TodoApi.csproj", "{0A6AFDEE-7AD3-4E49-85CF-F50C4F046A27}"
EndProject
Project("{FAE04EC0-301F-11D3-BF4B-00C04F79EFBC}") = "unitTestTodoApi", "unitTestTodoApi\unitTestTodoApi.csproj", "{40E11098-00B6-4532-95EB-8F258443E7F3}"
EndProject
Project("{FAE04EC0-301F-11D3-BF4B-00C04F79EFBC}") = "TodoBlazor", "TodoBlazor\TodoBlazor.csproj", "{6C1B7E3C-A1E2-45B9-A72E-85AFD5DBF307}"
EndProject
Global
	GlobalSection(SolutionConfigurationPlatforms) = preSolution
		Debug|Any CPU = Debug|Any CPU
		Release|Any CPU = Release|Any CPU
	EndGlobalSection
	GlobalSection(ProjectConfigurationPlatforms) = postSolution
		{0A6AFDEE-7AD3-4E49-85CF-F50C4F046A27}.Debug|Any CPU.ActiveCfg = Debug|Any CPU
		{0A6AFDEE-7AD3-4E49-85CF-F50C4F046A27}.Debug|Any CPU.Build.0 = Debug|Any CPU
		{0A6AFDEE-7AD3-4E49-85CF-F50C4F046A27}.Release|Any CPU.ActiveCfg = Release|Any CPU
		{0A6AFDEE-7AD3-4E49-85CF-F50C4F046A27}.Release|Any CPU.Build.0 = Release|Any CPU
		{40E11098-00B6-4532-95EB-8F258443E7F3}.Debug|Any CPU.ActiveCfg = Debug|Any CPU
		{40E11098-00B6-4532-95EB-8F258443E7F3}.Debug|Any CPU.Build.0 = Debug|Any CPU
		{40E11098-00B6-4532-95EB-8F258443E7F3}.Release|Any CPU.ActiveCfg = Release|Any CPU
		{40E11098-00B6-4532-95EB-8F258443E7F3}.Release|Any CPU.Build.0 = Release|Any CPU
		{6C1B7E3C-A1E2-45B9-A72E-85AFD5DBF307}.Debug|Any CPU.ActiveCfg = Debug|Any CPU
		{6C1B7E3C-A1E2-45B9-A72E-85AFD5DBF307}.Debug|Any CPU.Build.0 = Debug|Any CPU
		{6C1B7E3C-A1E2-45B9-A72E-85AFD5DBF307}.Release|Any CPU.ActiveCfg = Release|Any CPU
		{6C1B7E3C-A1E2-45B9-A72E-85AFD5DBF307}.Release|Any CPU.Build.0 = Release|Any CPU
	EndGlobalSection
	GlobalSection(SolutionProperties) = preSolution
		HideSolutionNode = FALSE
	EndGlobalSection
	GlobalSection(ExtensibilityGlobals) = postSolution
		SolutionGuid = {E9E6D94F-2C89-4E88-B5FC-08B02B6A99CD}
	EndGlobalSection
EndGlobal
